// !$*UTF8*$!
{
	archiveVersion = 1;
	classes = {
	};
	objectVersion = 48;
	objects = {

/* Begin PBXBuildFile section */
		27B561B820874C7E005BED9D /* LocationServices.swift in Sources */ = {isa = PBXBuildFile; fileRef = 27B561B720874C7E005BED9D /* LocationServices.swift */; };
		27BAC0182086518F00962876 /* NearbyCoffeeShopTableViewCell.swift in Sources */ = {isa = PBXBuildFile; fileRef = 27BAC0172086518F00962876 /* NearbyCoffeeShopTableViewCell.swift */; };
		27DEDAE82084E643004E310C /* AppDelegate.swift in Sources */ = {isa = PBXBuildFile; fileRef = 27DEDAE72084E643004E310C /* AppDelegate.swift */; };
		27DEDAED2084E643004E310C /* Main.storyboard in Resources */ = {isa = PBXBuildFile; fileRef = 27DEDAEB2084E643004E310C /* Main.storyboard */; };
		27DEDAEF2084E643004E310C /* Assets.xcassets in Resources */ = {isa = PBXBuildFile; fileRef = 27DEDAEE2084E643004E310C /* Assets.xcassets */; };
		27DEDAF22084E643004E310C /* LaunchScreen.storyboard in Resources */ = {isa = PBXBuildFile; fileRef = 27DEDAF02084E643004E310C /* LaunchScreen.storyboard */; };
		27DEDAFC2085F23D004E310C /* CoffeeShopDetailsViewController.swift in Sources */ = {isa = PBXBuildFile; fileRef = 27DEDAFB2085F23D004E310C /* CoffeeShopDetailsViewController.swift */; };
		27DEDAFE2085F276004E310C /* NearbyCoffeShopsTableViewController.swift in Sources */ = {isa = PBXBuildFile; fileRef = 27DEDAFD2085F276004E310C /* NearbyCoffeShopsTableViewController.swift */; };
		27DEDB002085F286004E310C /* TipsAndTricksTableViewController.swift in Sources */ = {isa = PBXBuildFile; fileRef = 27DEDAFF2085F286004E310C /* TipsAndTricksTableViewController.swift */; };
		27DEDB022085F294004E310C /* CoffeeDealsTableViewController.swift in Sources */ = {isa = PBXBuildFile; fileRef = 27DEDB012085F294004E310C /* CoffeeDealsTableViewController.swift */; };
		27DEDB042085F2B7004E310C /* DrinkingHistoryTableViewController.swift in Sources */ = {isa = PBXBuildFile; fileRef = 27DEDB032085F2B7004E310C /* DrinkingHistoryTableViewController.swift */; };
		27DEDB062085F2CD004E310C /* CoffeeRemindersTableViewController.swift in Sources */ = {isa = PBXBuildFile; fileRef = 27DEDB052085F2CD004E310C /* CoffeeRemindersTableViewController.swift */; };
		27DEDB0B2085F718004E310C /* Coffee.swift in Sources */ = {isa = PBXBuildFile; fileRef = 27DEDB0A2085F718004E310C /* Coffee.swift */; };
		27DEDB0D2085F720004E310C /* CoffeeShop.swift in Sources */ = {isa = PBXBuildFile; fileRef = 27DEDB0C2085F720004E310C /* CoffeeShop.swift */; };
		27DEDB0F2085F727004E310C /* Tip.swift in Sources */ = {isa = PBXBuildFile; fileRef = 27DEDB0E2085F727004E310C /* Tip.swift */; };
		27DEDB112085F73F004E310C /* Deal.swift in Sources */ = {isa = PBXBuildFile; fileRef = 27DEDB102085F73F004E310C /* Deal.swift */; };
		27DEDB132085F746004E310C /* DrinkRecord.swift in Sources */ = {isa = PBXBuildFile; fileRef = 27DEDB122085F746004E310C /* DrinkRecord.swift */; };
		27DEDB1620863137004E310C /* CoffeeShopDAO.swift in Sources */ = {isa = PBXBuildFile; fileRef = 27DEDB1520863137004E310C /* CoffeeShopDAO.swift */; };
		27DEDB182086313F004E310C /* CoffeeDAO.swift in Sources */ = {isa = PBXBuildFile; fileRef = 27DEDB172086313F004E310C /* CoffeeDAO.swift */; };
		27DEDB1A20863152004E310C /* TipDAO.swift in Sources */ = {isa = PBXBuildFile; fileRef = 27DEDB1920863152004E310C /* TipDAO.swift */; };
		27DEDB1C2086315B004E310C /* DealDAO.swift in Sources */ = {isa = PBXBuildFile; fileRef = 27DEDB1B2086315B004E310C /* DealDAO.swift */; };
		27DEDB1E20863164004E310C /* DrinkHistoryDAO.swift in Sources */ = {isa = PBXBuildFile; fileRef = 27DEDB1D20863164004E310C /* DrinkHistoryDAO.swift */; };
/* End PBXBuildFile section */

/* Begin PBXFileReference section */
		27B561B720874C7E005BED9D /* LocationServices.swift */ = {isa = PBXFileReference; lastKnownFileType = sourcecode.swift; path = LocationServices.swift; sourceTree = "<group>"; };
		27BAC0172086518F00962876 /* NearbyCoffeeShopTableViewCell.swift */ = {isa = PBXFileReference; lastKnownFileType = sourcecode.swift; path = NearbyCoffeeShopTableViewCell.swift; sourceTree = "<group>"; };
		27DEDAE42084E643004E310C /* TheCoffeeApp.app */ = {isa = PBXFileReference; explicitFileType = wrapper.application; includeInIndex = 0; path = TheCoffeeApp.app; sourceTree = BUILT_PRODUCTS_DIR; };
		27DEDAE72084E643004E310C /* AppDelegate.swift */ = {isa = PBXFileReference; lastKnownFileType = sourcecode.swift; path = AppDelegate.swift; sourceTree = "<group>"; };
		27DEDAEC2084E643004E310C /* Base */ = {isa = PBXFileReference; lastKnownFileType = file.storyboard; name = Base; path = Base.lproj/Main.storyboard; sourceTree = "<group>"; };
		27DEDAEE2084E643004E310C /* Assets.xcassets */ = {isa = PBXFileReference; lastKnownFileType = folder.assetcatalog; path = Assets.xcassets; sourceTree = "<group>"; };
		27DEDAF12084E643004E310C /* Base */ = {isa = PBXFileReference; lastKnownFileType = file.storyboard; name = Base; path = Base.lproj/LaunchScreen.storyboard; sourceTree = "<group>"; };
		27DEDAF32084E643004E310C /* Info.plist */ = {isa = PBXFileReference; lastKnownFileType = text.plist.xml; path = Info.plist; sourceTree = "<group>"; };
		27DEDAFB2085F23D004E310C /* CoffeeShopDetailsViewController.swift */ = {isa = PBXFileReference; lastKnownFileType = sourcecode.swift; name = CoffeeShopDetailsViewController.swift; path = Controllers/CoffeeShopDetailsViewController.swift; sourceTree = "<group>"; };
		27DEDAFD2085F276004E310C /* NearbyCoffeShopsTableViewController.swift */ = {isa = PBXFileReference; lastKnownFileType = sourcecode.swift; name = NearbyCoffeShopsTableViewController.swift; path = Controllers/NearbyCoffeShopsTableViewController.swift; sourceTree = "<group>"; };
		27DEDAFF2085F286004E310C /* TipsAndTricksTableViewController.swift */ = {isa = PBXFileReference; lastKnownFileType = sourcecode.swift; name = TipsAndTricksTableViewController.swift; path = Controllers/TipsAndTricksTableViewController.swift; sourceTree = "<group>"; };
		27DEDB012085F294004E310C /* CoffeeDealsTableViewController.swift */ = {isa = PBXFileReference; lastKnownFileType = sourcecode.swift; name = CoffeeDealsTableViewController.swift; path = Controllers/CoffeeDealsTableViewController.swift; sourceTree = "<group>"; };
		27DEDB032085F2B7004E310C /* DrinkingHistoryTableViewController.swift */ = {isa = PBXFileReference; lastKnownFileType = sourcecode.swift; name = DrinkingHistoryTableViewController.swift; path = Controllers/DrinkingHistoryTableViewController.swift; sourceTree = "<group>"; };
		27DEDB052085F2CD004E310C /* CoffeeRemindersTableViewController.swift */ = {isa = PBXFileReference; lastKnownFileType = sourcecode.swift; name = CoffeeRemindersTableViewController.swift; path = Controllers/CoffeeRemindersTableViewController.swift; sourceTree = "<group>"; };
		27DEDB0A2085F718004E310C /* Coffee.swift */ = {isa = PBXFileReference; lastKnownFileType = sourcecode.swift; path = Coffee.swift; sourceTree = "<group>"; };
		27DEDB0C2085F720004E310C /* CoffeeShop.swift */ = {isa = PBXFileReference; lastKnownFileType = sourcecode.swift; path = CoffeeShop.swift; sourceTree = "<group>"; };
		27DEDB0E2085F727004E310C /* Tip.swift */ = {isa = PBXFileReference; lastKnownFileType = sourcecode.swift; path = Tip.swift; sourceTree = "<group>"; };
		27DEDB102085F73F004E310C /* Deal.swift */ = {isa = PBXFileReference; lastKnownFileType = sourcecode.swift; path = Deal.swift; sourceTree = "<group>"; };
		27DEDB122085F746004E310C /* DrinkRecord.swift */ = {isa = PBXFileReference; lastKnownFileType = sourcecode.swift; path = DrinkRecord.swift; sourceTree = "<group>"; };
		27DEDB1520863137004E310C /* CoffeeShopDAO.swift */ = {isa = PBXFileReference; lastKnownFileType = sourcecode.swift; path = CoffeeShopDAO.swift; sourceTree = "<group>"; };
		27DEDB172086313F004E310C /* CoffeeDAO.swift */ = {isa = PBXFileReference; lastKnownFileType = sourcecode.swift; path = CoffeeDAO.swift; sourceTree = "<group>"; };
		27DEDB1920863152004E310C /* TipDAO.swift */ = {isa = PBXFileReference; lastKnownFileType = sourcecode.swift; path = TipDAO.swift; sourceTree = "<group>"; };
		27DEDB1B2086315B004E310C /* DealDAO.swift */ = {isa = PBXFileReference; lastKnownFileType = sourcecode.swift; path = DealDAO.swift; sourceTree = "<group>"; };
		27DEDB1D20863164004E310C /* DrinkHistoryDAO.swift */ = {isa = PBXFileReference; lastKnownFileType = sourcecode.swift; path = DrinkHistoryDAO.swift; sourceTree = "<group>"; };
/* End PBXFileReference section */

/* Begin PBXFrameworksBuildPhase section */
		27DEDAE12084E643004E310C /* Frameworks */ = {
			isa = PBXFrameworksBuildPhase;
			buildActionMask = 2147483647;
			files = (
			);
			runOnlyForDeploymentPostprocessing = 0;
		};
/* End PBXFrameworksBuildPhase section */

/* Begin PBXGroup section */
		27BAC0162086515B00962876 /* Custom Cells */ = {
			isa = PBXGroup;
			children = (
				27BAC0172086518F00962876 /* NearbyCoffeeShopTableViewCell.swift */,
			);
			path = "Custom Cells";
			sourceTree = "<group>";
		};
		27DEDADB2084E642004E310C = {
			isa = PBXGroup;
			children = (
				27DEDAE62084E643004E310C /* TheCoffeeApp */,
				27DEDAE52084E643004E310C /* Products */,
			);
			sourceTree = "<group>";
		};
		27DEDAE52084E643004E310C /* Products */ = {
			isa = PBXGroup;
			children = (
				27DEDAE42084E643004E310C /* TheCoffeeApp.app */,
			);
			name = Products;
			sourceTree = "<group>";
		};
		27DEDAE62084E643004E310C /* TheCoffeeApp */ = {
			isa = PBXGroup;
			children = (
				27BAC0162086515B00962876 /* Custom Cells */,
				27DEDAEB2084E643004E310C /* Main.storyboard */,
				27DEDAFF2085F286004E310C /* TipsAndTricksTableViewController.swift */,
				27DEDB012085F294004E310C /* CoffeeDealsTableViewController.swift */,
				27DEDB032085F2B7004E310C /* DrinkingHistoryTableViewController.swift */,
				27DEDB052085F2CD004E310C /* CoffeeRemindersTableViewController.swift */,
				27DEDAFD2085F276004E310C /* NearbyCoffeShopsTableViewController.swift */,
				27DEDAFB2085F23D004E310C /* CoffeeShopDetailsViewController.swift */,
				27DEDB142086311C004E310C /* DAOs */,
				27DEDB092085F6F8004E310C /* Model */,
				27DEDAEE2084E643004E310C /* Assets.xcassets */,
				27DEDAFA2084E6F0004E310C /* Supporting Files */,
			);
			path = TheCoffeeApp;
			sourceTree = "<group>";
		};
		27DEDAFA2084E6F0004E310C /* Supporting Files */ = {
			isa = PBXGroup;
			children = (
				27DEDAE72084E643004E310C /* AppDelegate.swift */,
				27DEDAF02084E643004E310C /* LaunchScreen.storyboard */,
				27DEDAF32084E643004E310C /* Info.plist */,
			);
			name = "Supporting Files";
			sourceTree = "<group>";
		};
		27DEDB092085F6F8004E310C /* Model */ = {
			isa = PBXGroup;
			children = (
				27DEDB0A2085F718004E310C /* Coffee.swift */,
				27DEDB0C2085F720004E310C /* CoffeeShop.swift */,
				27DEDB0E2085F727004E310C /* Tip.swift */,
				27DEDB102085F73F004E310C /* Deal.swift */,
				27DEDB122085F746004E310C /* DrinkRecord.swift */,
				27B561B720874C7E005BED9D /* LocationServices.swift */,
			);
			path = Model;
			sourceTree = "<group>";
		};
		27DEDB142086311C004E310C /* DAOs */ = {
			isa = PBXGroup;
			children = (
				27DEDB1520863137004E310C /* CoffeeShopDAO.swift */,
				27DEDB172086313F004E310C /* CoffeeDAO.swift */,
				27DEDB1920863152004E310C /* TipDAO.swift */,
				27DEDB1B2086315B004E310C /* DealDAO.swift */,
				27DEDB1D20863164004E310C /* DrinkHistoryDAO.swift */,
			);
			path = DAOs;
			sourceTree = "<group>";
		};
/* End PBXGroup section */

/* Begin PBXNativeTarget section */
		27DEDAE32084E643004E310C /* TheCoffeeApp */ = {
			isa = PBXNativeTarget;
			buildConfigurationList = 27DEDAF62084E643004E310C /* Build configuration list for PBXNativeTarget "TheCoffeeApp" */;
			buildPhases = (
				27DEDAE02084E643004E310C /* Sources */,
				27DEDAE12084E643004E310C /* Frameworks */,
				27DEDAE22084E643004E310C /* Resources */,
			);
			buildRules = (
			);
			dependencies = (
			);
			name = TheCoffeeApp;
			productName = TheCoffeeApp;
			productReference = 27DEDAE42084E643004E310C /* TheCoffeeApp.app */;
			productType = "com.apple.product-type.application";
		};
/* End PBXNativeTarget section */

/* Begin PBXProject section */
		27DEDADC2084E642004E310C /* Project object */ = {
			isa = PBXProject;
			attributes = {
				LastSwiftUpdateCheck = 0920;
				LastUpgradeCheck = 0920;
				ORGANIZATIONNAME = "Apple Developer Academy";
				TargetAttributes = {
					27DEDAE32084E643004E310C = {
						CreatedOnToolsVersion = 9.2;
						ProvisioningStyle = Automatic;
					};
				};
			};
			buildConfigurationList = 27DEDADF2084E642004E310C /* Build configuration list for PBXProject "TheCoffeeApp" */;
			compatibilityVersion = "Xcode 8.0";
			developmentRegion = en;
			hasScannedForEncodings = 0;
			knownRegions = (
				en,
				Base,
			);
			mainGroup = 27DEDADB2084E642004E310C;
			productRefGroup = 27DEDAE52084E643004E310C /* Products */;
			projectDirPath = "";
			projectRoot = "";
			targets = (
				27DEDAE32084E643004E310C /* TheCoffeeApp */,
			);
		};
/* End PBXProject section */

/* Begin PBXResourcesBuildPhase section */
		27DEDAE22084E643004E310C /* Resources */ = {
			isa = PBXResourcesBuildPhase;
			buildActionMask = 2147483647;
			files = (
				27DEDAF22084E643004E310C /* LaunchScreen.storyboard in Resources */,
				27DEDAEF2084E643004E310C /* Assets.xcassets in Resources */,
				27DEDAED2084E643004E310C /* Main.storyboard in Resources */,
			);
			runOnlyForDeploymentPostprocessing = 0;
		};
/* End PBXResourcesBuildPhase section */

/* Begin PBXSourcesBuildPhase section */
		27DEDAE02084E643004E310C /* Sources */ = {
			isa = PBXSourcesBuildPhase;
			buildActionMask = 2147483647;
			files = (
				27BAC0182086518F00962876 /* NearbyCoffeeShopTableViewCell.swift in Sources */,
				27DEDB0D2085F720004E310C /* CoffeeShop.swift in Sources */,
				27DEDB042085F2B7004E310C /* DrinkingHistoryTableViewController.swift in Sources */,
				27DEDB1C2086315B004E310C /* DealDAO.swift in Sources */,
				27DEDB112085F73F004E310C /* Deal.swift in Sources */,
				27DEDB132085F746004E310C /* DrinkRecord.swift in Sources */,
				27DEDB182086313F004E310C /* CoffeeDAO.swift in Sources */,
				27DEDB1A20863152004E310C /* TipDAO.swift in Sources */,
				27DEDAE82084E643004E310C /* AppDelegate.swift in Sources */,
				27DEDB1E20863164004E310C /* DrinkHistoryDAO.swift in Sources */,
				27DEDAFE2085F276004E310C /* NearbyCoffeShopsTableViewController.swift in Sources */,
				27DEDB022085F294004E310C /* CoffeeDealsTableViewController.swift in Sources */,
				27DEDAFC2085F23D004E310C /* CoffeeShopDetailsViewController.swift in Sources */,
				27DEDB002085F286004E310C /* TipsAndTricksTableViewController.swift in Sources */,
				27DEDB0F2085F727004E310C /* Tip.swift in Sources */,
				27DEDB1620863137004E310C /* CoffeeShopDAO.swift in Sources */,
				27DEDB062085F2CD004E310C /* CoffeeRemindersTableViewController.swift in Sources */,
				27B561B820874C7E005BED9D /* LocationServices.swift in Sources */,
				27DEDB0B2085F718004E310C /* Coffee.swift in Sources */,
			);
			runOnlyForDeploymentPostprocessing = 0;
		};
/* End PBXSourcesBuildPhase section */

/* Begin PBXVariantGroup section */
		27DEDAEB2084E643004E310C /* Main.storyboard */ = {
			isa = PBXVariantGroup;
			children = (
				27DEDAEC2084E643004E310C /* Base */,
			);
			name = Main.storyboard;
			sourceTree = "<group>";
		};
		27DEDAF02084E643004E310C /* LaunchScreen.storyboard */ = {
			isa = PBXVariantGroup;
			children = (
				27DEDAF12084E643004E310C /* Base */,
			);
			name = LaunchScreen.storyboard;
			sourceTree = "<group>";
		};
/* End PBXVariantGroup section */

/* Begin XCBuildConfiguration section */
		27DEDAF42084E643004E310C /* Debug */ = {
			isa = XCBuildConfiguration;
			buildSettings = {
				ALWAYS_SEARCH_USER_PATHS = NO;
				CLANG_ANALYZER_NONNULL = YES;
				CLANG_ANALYZER_NUMBER_OBJECT_CONVERSION = YES_AGGRESSIVE;
				CLANG_CXX_LANGUAGE_STANDARD = "gnu++14";
				CLANG_CXX_LIBRARY = "libc++";
				CLANG_ENABLE_MODULES = YES;
				CLANG_ENABLE_OBJC_ARC = YES;
				CLANG_WARN_BLOCK_CAPTURE_AUTORELEASING = YES;
				CLANG_WARN_BOOL_CONVERSION = YES;
				CLANG_WARN_COMMA = YES;
				CLANG_WARN_CONSTANT_CONVERSION = YES;
				CLANG_WARN_DIRECT_OBJC_ISA_USAGE = YES_ERROR;
				CLANG_WARN_DOCUMENTATION_COMMENTS = YES;
				CLANG_WARN_EMPTY_BODY = YES;
				CLANG_WARN_ENUM_CONVERSION = YES;
				CLANG_WARN_INFINITE_RECURSION = YES;
				CLANG_WARN_INT_CONVERSION = YES;
				CLANG_WARN_NON_LITERAL_NULL_CONVERSION = YES;
				CLANG_WARN_OBJC_LITERAL_CONVERSION = YES;
				CLANG_WARN_OBJC_ROOT_CLASS = YES_ERROR;
				CLANG_WARN_RANGE_LOOP_ANALYSIS = YES;
				CLANG_WARN_STRICT_PROTOTYPES = YES;
				CLANG_WARN_SUSPICIOUS_MOVE = YES;
				CLANG_WARN_UNGUARDED_AVAILABILITY = YES_AGGRESSIVE;
				CLANG_WARN_UNREACHABLE_CODE = YES;
				CLANG_WARN__DUPLICATE_METHOD_MATCH = YES;
				CODE_SIGN_IDENTITY = "iPhone Developer";
				COPY_PHASE_STRIP = NO;
				DEBUG_INFORMATION_FORMAT = dwarf;
				ENABLE_STRICT_OBJC_MSGSEND = YES;
				ENABLE_TESTABILITY = YES;
				GCC_C_LANGUAGE_STANDARD = gnu11;
				GCC_DYNAMIC_NO_PIC = NO;
				GCC_NO_COMMON_BLOCKS = YES;
				GCC_OPTIMIZATION_LEVEL = 0;
				GCC_PREPROCESSOR_DEFINITIONS = (
					"DEBUG=1",
					"$(inherited)",
				);
				GCC_WARN_64_TO_32_BIT_CONVERSION = YES;
				GCC_WARN_ABOUT_RETURN_TYPE = YES_ERROR;
				GCC_WARN_UNDECLARED_SELECTOR = YES;
				GCC_WARN_UNINITIALIZED_AUTOS = YES_AGGRESSIVE;
				GCC_WARN_UNUSED_FUNCTION = YES;
				GCC_WARN_UNUSED_VARIABLE = YES;
				IPHONEOS_DEPLOYMENT_TARGET = 11.2;
				MTL_ENABLE_DEBUG_INFO = YES;
				ONLY_ACTIVE_ARCH = YES;
				SDKROOT = iphoneos;
				SWIFT_ACTIVE_COMPILATION_CONDITIONS = DEBUG;
				SWIFT_OPTIMIZATION_LEVEL = "-Onone";
			};
			name = Debug;
		};
		27DEDAF52084E643004E310C /* Release */ = {
			isa = XCBuildConfiguration;
			buildSettings = {
				ALWAYS_SEARCH_USER_PATHS = NO;
				CLANG_ANALYZER_NONNULL = YES;
				CLANG_ANALYZER_NUMBER_OBJECT_CONVERSION = YES_AGGRESSIVE;
				CLANG_CXX_LANGUAGE_STANDARD = "gnu++14";
				CLANG_CXX_LIBRARY = "libc++";
				CLANG_ENABLE_MODULES = YES;
				CLANG_ENABLE_OBJC_ARC = YES;
				CLANG_WARN_BLOCK_CAPTURE_AUTORELEASING = YES;
				CLANG_WARN_BOOL_CONVERSION = YES;
				CLANG_WARN_COMMA = YES;
				CLANG_WARN_CONSTANT_CONVERSION = YES;
				CLANG_WARN_DIRECT_OBJC_ISA_USAGE = YES_ERROR;
				CLANG_WARN_DOCUMENTATION_COMMENTS = YES;
				CLANG_WARN_EMPTY_BODY = YES;
				CLANG_WARN_ENUM_CONVERSION = YES;
				CLANG_WARN_INFINITE_RECURSION = YES;
				CLANG_WARN_INT_CONVERSION = YES;
				CLANG_WARN_NON_LITERAL_NULL_CONVERSION = YES;
				CLANG_WARN_OBJC_LITERAL_CONVERSION = YES;
				CLANG_WARN_OBJC_ROOT_CLASS = YES_ERROR;
				CLANG_WARN_RANGE_LOOP_ANALYSIS = YES;
				CLANG_WARN_STRICT_PROTOTYPES = YES;
				CLANG_WARN_SUSPICIOUS_MOVE = YES;
				CLANG_WARN_UNGUARDED_AVAILABILITY = YES_AGGRESSIVE;
				CLANG_WARN_UNREACHABLE_CODE = YES;
				CLANG_WARN__DUPLICATE_METHOD_MATCH = YES;
				CODE_SIGN_IDENTITY = "iPhone Developer";
				COPY_PHASE_STRIP = NO;
				DEBUG_INFORMATION_FORMAT = "dwarf-with-dsym";
				ENABLE_NS_ASSERTIONS = NO;
				ENABLE_STRICT_OBJC_MSGSEND = YES;
				GCC_C_LANGUAGE_STANDARD = gnu11;
				GCC_NO_COMMON_BLOCKS = YES;
				GCC_WARN_64_TO_32_BIT_CONVERSION = YES;
				GCC_WARN_ABOUT_RETURN_TYPE = YES_ERROR;
				GCC_WARN_UNDECLARED_SELECTOR = YES;
				GCC_WARN_UNINITIALIZED_AUTOS = YES_AGGRESSIVE;
				GCC_WARN_UNUSED_FUNCTION = YES;
				GCC_WARN_UNUSED_VARIABLE = YES;
				IPHONEOS_DEPLOYMENT_TARGET = 11.2;
				MTL_ENABLE_DEBUG_INFO = NO;
				SDKROOT = iphoneos;
				SWIFT_OPTIMIZATION_LEVEL = "-Owholemodule";
				VALIDATE_PRODUCT = YES;
			};
			name = Release;
		};
		27DEDAF72084E643004E310C /* Debug */ = {
			isa = XCBuildConfiguration;
			buildSettings = {
				ASSETCATALOG_COMPILER_APPICON_NAME = AppIcon;
				CODE_SIGN_STYLE = Automatic;
				INFOPLIST_FILE = TheCoffeeApp/Info.plist;
				LD_RUNPATH_SEARCH_PATHS = "$(inherited) @executable_path/Frameworks";
				PRODUCT_BUNDLE_IDENTIFIER = it.iosda2018.TheCoffeeApp;
				PRODUCT_NAME = "$(TARGET_NAME)";
				SWIFT_VERSION = 4.0;
				TARGETED_DEVICE_FAMILY = "1,2";
			};
			name = Debug;
		};
		27DEDAF82084E643004E310C /* Release */ = {
			isa = XCBuildConfiguration;
			buildSettings = {
				ASSETCATALOG_COMPILER_APPICON_NAME = AppIcon;
				CODE_SIGN_STYLE = Automatic;
				INFOPLIST_FILE = TheCoffeeApp/Info.plist;
				LD_RUNPATH_SEARCH_PATHS = "$(inherited) @executable_path/Frameworks";
				PRODUCT_BUNDLE_IDENTIFIER = it.iosda2018.TheCoffeeApp;
				PRODUCT_NAME = "$(TARGET_NAME)";
				SWIFT_VERSION = 4.0;
				TARGETED_DEVICE_FAMILY = "1,2";
			};
			name = Release;
		};
/* End XCBuildConfiguration section */

/* Begin XCConfigurationList section */
		27DEDADF2084E642004E310C /* Build configuration list for PBXProject "TheCoffeeApp" */ = {
			isa = XCConfigurationList;
			buildConfigurations = (
				27DEDAF42084E643004E310C /* Debug */,
				27DEDAF52084E643004E310C /* Release */,
			);
			defaultConfigurationIsVisible = 0;
			defaultConfigurationName = Release;
		};
		27DEDAF62084E643004E310C /* Build configuration list for PBXNativeTarget "TheCoffeeApp" */ = {
			isa = XCConfigurationList;
			buildConfigurations = (
				27DEDAF72084E643004E310C /* Debug */,
				27DEDAF82084E643004E310C /* Release */,
			);
			defaultConfigurationIsVisible = 0;
			defaultConfigurationName = Release;
		};
/* End XCConfigurationList section */
	};
	rootObject = 27DEDADC2084E642004E310C /* Project object */;
}
