// !$*UTF8*$!
{
	archiveVersion = 1;
	classes = {
	};
	objectVersion = 48;
	objects = {

/* Begin PBXBuildFile section */
		27739F5A20A1AD520054BDD4 /* DrinkHistoryTableViewCell.swift in Sources */ = {isa = PBXBuildFile; fileRef = 27739F5920A1AD520054BDD4 /* DrinkHistoryTableViewCell.swift */; };
		277545172099E3EB006BB45F /* CoffeBarDetailTableViewController.swift in Sources */ = {isa = PBXBuildFile; fileRef = 277545162099E3EB006BB45F /* CoffeBarDetailTableViewController.swift */; };
		277E2F1720970B010069AF7D /* CoffeeDealTableViewCell.swift in Sources */ = {isa = PBXBuildFile; fileRef = 277E2F1620970B010069AF7D /* CoffeeDealTableViewCell.swift */; };
		2789C2EC20AC7400006E5CC7 /* NotificationIdentifiers.swift in Sources */ = {isa = PBXBuildFile; fileRef = 2789C2EB20AC7400006E5CC7 /* NotificationIdentifiers.swift */; };
		2789C2F320AD70E8006E5CC7 /* NotificationTypes.swift in Sources */ = {isa = PBXBuildFile; fileRef = 2789C2F220AD70E8006E5CC7 /* NotificationTypes.swift */; };
		279BC03B20A9E44100854A32 /* EventManager.swift in Sources */ = {isa = PBXBuildFile; fileRef = 279BC03A20A9E44100854A32 /* EventManager.swift */; };
		279BC03D20A9E46300854A32 /* NotificationCenterManager.swift in Sources */ = {isa = PBXBuildFile; fileRef = 279BC03C20A9E46300854A32 /* NotificationCenterManager.swift */; };
		279BC04120A9E7FF00854A32 /* NewReminderViewController.swift in Sources */ = {isa = PBXBuildFile; fileRef = 279BC04020A9E7FF00854A32 /* NewReminderViewController.swift */; };
		27B561B820874C7E005BED9D /* LocationServices.swift in Sources */ = {isa = PBXBuildFile; fileRef = 27B561B720874C7E005BED9D /* LocationServices.swift */; };
		27BAC0182086518F00962876 /* NearbyCoffeeShopTableViewCell.swift in Sources */ = {isa = PBXBuildFile; fileRef = 27BAC0172086518F00962876 /* NearbyCoffeeShopTableViewCell.swift */; };
		27D07D2120A1B5FA00C23336 /* ColorPalette.swift in Sources */ = {isa = PBXBuildFile; fileRef = 27D07D2020A1B5FA00C23336 /* ColorPalette.swift */; };
		27D4FAC5208E1DDA0077FAF6 /* TextTipTableViewCell.swift in Sources */ = {isa = PBXBuildFile; fileRef = 27D4FAC4208E1DDA0077FAF6 /* TextTipTableViewCell.swift */; };
		27D4FAC7208E1E190077FAF6 /* ImageTipTableViewCell.swift in Sources */ = {isa = PBXBuildFile; fileRef = 27D4FAC6208E1E190077FAF6 /* ImageTipTableViewCell.swift */; };
		27D4FAC9208E37190077FAF6 /* CardView.swift in Sources */ = {isa = PBXBuildFile; fileRef = 27D4FAC8208E37190077FAF6 /* CardView.swift */; };
		27DEDAE82084E643004E310C /* AppDelegate.swift in Sources */ = {isa = PBXBuildFile; fileRef = 27DEDAE72084E643004E310C /* AppDelegate.swift */; };
		27DEDAED2084E643004E310C /* Main.storyboard in Resources */ = {isa = PBXBuildFile; fileRef = 27DEDAEB2084E643004E310C /* Main.storyboard */; };
		27DEDAEF2084E643004E310C /* Assets.xcassets in Resources */ = {isa = PBXBuildFile; fileRef = 27DEDAEE2084E643004E310C /* Assets.xcassets */; };
		27DEDAF22084E643004E310C /* LaunchScreen.storyboard in Resources */ = {isa = PBXBuildFile; fileRef = 27DEDAF02084E643004E310C /* LaunchScreen.storyboard */; };
		27DEDAFE2085F276004E310C /* NearbyCoffeShopsTableViewController.swift in Sources */ = {isa = PBXBuildFile; fileRef = 27DEDAFD2085F276004E310C /* NearbyCoffeShopsTableViewController.swift */; };
		27DEDB002085F286004E310C /* TipsAndTricksTableViewController.swift in Sources */ = {isa = PBXBuildFile; fileRef = 27DEDAFF2085F286004E310C /* TipsAndTricksTableViewController.swift */; };
		27DEDB022085F294004E310C /* CoffeeDealsTableViewController.swift in Sources */ = {isa = PBXBuildFile; fileRef = 27DEDB012085F294004E310C /* CoffeeDealsTableViewController.swift */; };
		27DEDB042085F2B7004E310C /* DrinkingHistoryTableViewController.swift in Sources */ = {isa = PBXBuildFile; fileRef = 27DEDB032085F2B7004E310C /* DrinkingHistoryTableViewController.swift */; };
		27DEDB062085F2CD004E310C /* CoffeeRemindersTableViewController.swift in Sources */ = {isa = PBXBuildFile; fileRef = 27DEDB052085F2CD004E310C /* CoffeeRemindersTableViewController.swift */; };
		27DEDB0B2085F718004E310C /* Coffee.swift in Sources */ = {isa = PBXBuildFile; fileRef = 27DEDB0A2085F718004E310C /* Coffee.swift */; };
		27DEDB0D2085F720004E310C /* CoffeeShop.swift in Sources */ = {isa = PBXBuildFile; fileRef = 27DEDB0C2085F720004E310C /* CoffeeShop.swift */; };
		27DEDB0F2085F727004E310C /* Tip.swift in Sources */ = {isa = PBXBuildFile; fileRef = 27DEDB0E2085F727004E310C /* Tip.swift */; };
		27DEDB112085F73F004E310C /* Deal.swift in Sources */ = {isa = PBXBuildFile; fileRef = 27DEDB102085F73F004E310C /* Deal.swift */; };
		27DEDB132085F746004E310C /* DrinkRecord.swift in Sources */ = {isa = PBXBuildFile; fileRef = 27DEDB122085F746004E310C /* DrinkRecord.swift */; };
		5C5B5F4520AEBF5D00EE5138 /* APIManager.swift in Sources */ = {isa = PBXBuildFile; fileRef = 5C5B5F4420AEBF5D00EE5138 /* APIManager.swift */; };
		5C5B5F4720AEC05A00EE5138 /* NotificationDatabase.swift in Sources */ = {isa = PBXBuildFile; fileRef = 5C5B5F4620AEC05A00EE5138 /* NotificationDatabase.swift */; };
		7D41D61220A3210400FED6F0 /* NotificationService.swift in Sources */ = {isa = PBXBuildFile; fileRef = 7D41D61120A3210400FED6F0 /* NotificationService.swift */; };
		7D41D61620A3210400FED6F0 /* NotificationService.appex in Embed App Extensions */ = {isa = PBXBuildFile; fileRef = 7D41D60F20A3210400FED6F0 /* NotificationService.appex */; settings = {ATTRIBUTES = (RemoveHeadersOnCopy, ); }; };
		7DC23BB920A45D1100D9A6CD /* UserNotifications.framework in Frameworks */ = {isa = PBXBuildFile; fileRef = 7DC23BB820A45D1100D9A6CD /* UserNotifications.framework */; };
		7DC23BBB20A45D1100D9A6CD /* UserNotificationsUI.framework in Frameworks */ = {isa = PBXBuildFile; fileRef = 7DC23BBA20A45D1100D9A6CD /* UserNotificationsUI.framework */; };
		7DC23BBE20A45D1100D9A6CD /* NotificationViewController.swift in Sources */ = {isa = PBXBuildFile; fileRef = 7DC23BBD20A45D1100D9A6CD /* NotificationViewController.swift */; };
		7DC23BC120A45D1100D9A6CD /* MainInterface.storyboard in Resources */ = {isa = PBXBuildFile; fileRef = 7DC23BBF20A45D1100D9A6CD /* MainInterface.storyboard */; };
		7DC23BC520A45D1100D9A6CD /* NotificationViewController.appex in Embed App Extensions */ = {isa = PBXBuildFile; fileRef = 7DC23BB620A45D1100D9A6CD /* NotificationViewController.appex */; settings = {ATTRIBUTES = (RemoveHeadersOnCopy, ); }; };
/* End PBXBuildFile section */

/* Begin PBXContainerItemProxy section */
		7D41D61420A3210400FED6F0 /* PBXContainerItemProxy */ = {
			isa = PBXContainerItemProxy;
			containerPortal = 27DEDADC2084E642004E310C /* Project object */;
			proxyType = 1;
			remoteGlobalIDString = 7D41D60E20A3210400FED6F0;
			remoteInfo = NotificationService;
		};
		7DC23BC320A45D1100D9A6CD /* PBXContainerItemProxy */ = {
			isa = PBXContainerItemProxy;
			containerPortal = 27DEDADC2084E642004E310C /* Project object */;
			proxyType = 1;
			remoteGlobalIDString = 7DC23BB520A45D1100D9A6CD;
			remoteInfo = NotificationViewController;
		};
/* End PBXContainerItemProxy section */

/* Begin PBXCopyFilesBuildPhase section */
		7D41D61A20A3210400FED6F0 /* Embed App Extensions */ = {
			isa = PBXCopyFilesBuildPhase;
			buildActionMask = 2147483647;
			dstPath = "";
			dstSubfolderSpec = 13;
			files = (
				7DC23BC520A45D1100D9A6CD /* NotificationViewController.appex in Embed App Extensions */,
				7D41D61620A3210400FED6F0 /* NotificationService.appex in Embed App Extensions */,
			);
			name = "Embed App Extensions";
			runOnlyForDeploymentPostprocessing = 0;
		};
/* End PBXCopyFilesBuildPhase section */

/* Begin PBXFileReference section */
		27739F5920A1AD520054BDD4 /* DrinkHistoryTableViewCell.swift */ = {isa = PBXFileReference; lastKnownFileType = sourcecode.swift; path = DrinkHistoryTableViewCell.swift; sourceTree = "<group>"; };
		277545162099E3EB006BB45F /* CoffeBarDetailTableViewController.swift */ = {isa = PBXFileReference; lastKnownFileType = sourcecode.swift; path = CoffeBarDetailTableViewController.swift; sourceTree = "<group>"; };
		277E2F1620970B010069AF7D /* CoffeeDealTableViewCell.swift */ = {isa = PBXFileReference; lastKnownFileType = sourcecode.swift; path = CoffeeDealTableViewCell.swift; sourceTree = "<group>"; };
		2789C2EB20AC7400006E5CC7 /* NotificationIdentifiers.swift */ = {isa = PBXFileReference; lastKnownFileType = sourcecode.swift; path = NotificationIdentifiers.swift; sourceTree = "<group>"; };
		2789C2F220AD70E8006E5CC7 /* NotificationTypes.swift */ = {isa = PBXFileReference; lastKnownFileType = sourcecode.swift; path = NotificationTypes.swift; sourceTree = "<group>"; };
		279BC03A20A9E44100854A32 /* EventManager.swift */ = {isa = PBXFileReference; lastKnownFileType = sourcecode.swift; path = EventManager.swift; sourceTree = "<group>"; };
		279BC03C20A9E46300854A32 /* NotificationCenterManager.swift */ = {isa = PBXFileReference; lastKnownFileType = sourcecode.swift; path = NotificationCenterManager.swift; sourceTree = "<group>"; };
		279BC04020A9E7FF00854A32 /* NewReminderViewController.swift */ = {isa = PBXFileReference; lastKnownFileType = sourcecode.swift; path = NewReminderViewController.swift; sourceTree = "<group>"; };
		27B561B720874C7E005BED9D /* LocationServices.swift */ = {isa = PBXFileReference; lastKnownFileType = sourcecode.swift; path = LocationServices.swift; sourceTree = "<group>"; };
		27BAC0172086518F00962876 /* NearbyCoffeeShopTableViewCell.swift */ = {isa = PBXFileReference; lastKnownFileType = sourcecode.swift; path = NearbyCoffeeShopTableViewCell.swift; sourceTree = "<group>"; };
		27D07D2020A1B5FA00C23336 /* ColorPalette.swift */ = {isa = PBXFileReference; lastKnownFileType = sourcecode.swift; path = ColorPalette.swift; sourceTree = "<group>"; };
		27D4FAC4208E1DDA0077FAF6 /* TextTipTableViewCell.swift */ = {isa = PBXFileReference; lastKnownFileType = sourcecode.swift; path = TextTipTableViewCell.swift; sourceTree = "<group>"; };
		27D4FAC6208E1E190077FAF6 /* ImageTipTableViewCell.swift */ = {isa = PBXFileReference; lastKnownFileType = sourcecode.swift; path = ImageTipTableViewCell.swift; sourceTree = "<group>"; };
		27D4FAC8208E37190077FAF6 /* CardView.swift */ = {isa = PBXFileReference; lastKnownFileType = sourcecode.swift; path = CardView.swift; sourceTree = "<group>"; };
		27DEDAE42084E643004E310C /* TheCoffeeApp.app */ = {isa = PBXFileReference; explicitFileType = wrapper.application; includeInIndex = 0; path = TheCoffeeApp.app; sourceTree = BUILT_PRODUCTS_DIR; };
		27DEDAE72084E643004E310C /* AppDelegate.swift */ = {isa = PBXFileReference; lastKnownFileType = sourcecode.swift; path = AppDelegate.swift; sourceTree = "<group>"; };
		27DEDAEC2084E643004E310C /* Base */ = {isa = PBXFileReference; lastKnownFileType = file.storyboard; name = Base; path = Base.lproj/Main.storyboard; sourceTree = "<group>"; };
		27DEDAEE2084E643004E310C /* Assets.xcassets */ = {isa = PBXFileReference; lastKnownFileType = folder.assetcatalog; path = Assets.xcassets; sourceTree = "<group>"; };
		27DEDAF12084E643004E310C /* Base */ = {isa = PBXFileReference; lastKnownFileType = file.storyboard; name = Base; path = Base.lproj/LaunchScreen.storyboard; sourceTree = "<group>"; };
		27DEDAF32084E643004E310C /* Info.plist */ = {isa = PBXFileReference; lastKnownFileType = text.plist.xml; path = Info.plist; sourceTree = "<group>"; };
		27DEDAFD2085F276004E310C /* NearbyCoffeShopsTableViewController.swift */ = {isa = PBXFileReference; lastKnownFileType = sourcecode.swift; path = NearbyCoffeShopsTableViewController.swift; sourceTree = "<group>"; };
		27DEDAFF2085F286004E310C /* TipsAndTricksTableViewController.swift */ = {isa = PBXFileReference; lastKnownFileType = sourcecode.swift; path = TipsAndTricksTableViewController.swift; sourceTree = "<group>"; };
		27DEDB012085F294004E310C /* CoffeeDealsTableViewController.swift */ = {isa = PBXFileReference; lastKnownFileType = sourcecode.swift; path = CoffeeDealsTableViewController.swift; sourceTree = "<group>"; };
		27DEDB032085F2B7004E310C /* DrinkingHistoryTableViewController.swift */ = {isa = PBXFileReference; lastKnownFileType = sourcecode.swift; path = DrinkingHistoryTableViewController.swift; sourceTree = "<group>"; };
		27DEDB052085F2CD004E310C /* CoffeeRemindersTableViewController.swift */ = {isa = PBXFileReference; lastKnownFileType = sourcecode.swift; path = CoffeeRemindersTableViewController.swift; sourceTree = "<group>"; };
		27DEDB0A2085F718004E310C /* Coffee.swift */ = {isa = PBXFileReference; lastKnownFileType = sourcecode.swift; path = Coffee.swift; sourceTree = "<group>"; };
		27DEDB0C2085F720004E310C /* CoffeeShop.swift */ = {isa = PBXFileReference; lastKnownFileType = sourcecode.swift; path = CoffeeShop.swift; sourceTree = "<group>"; };
		27DEDB0E2085F727004E310C /* Tip.swift */ = {isa = PBXFileReference; lastKnownFileType = sourcecode.swift; path = Tip.swift; sourceTree = "<group>"; };
		27DEDB102085F73F004E310C /* Deal.swift */ = {isa = PBXFileReference; lastKnownFileType = sourcecode.swift; path = Deal.swift; sourceTree = "<group>"; };
		27DEDB122085F746004E310C /* DrinkRecord.swift */ = {isa = PBXFileReference; lastKnownFileType = sourcecode.swift; path = DrinkRecord.swift; sourceTree = "<group>"; };
		5C5B5F4420AEBF5D00EE5138 /* APIManager.swift */ = {isa = PBXFileReference; lastKnownFileType = sourcecode.swift; path = APIManager.swift; sourceTree = "<group>"; };
		5C5B5F4620AEC05A00EE5138 /* NotificationDatabase.swift */ = {isa = PBXFileReference; lastKnownFileType = sourcecode.swift; path = NotificationDatabase.swift; sourceTree = "<group>"; };
		7D41D60F20A3210400FED6F0 /* NotificationService.appex */ = {isa = PBXFileReference; explicitFileType = "wrapper.app-extension"; includeInIndex = 0; path = NotificationService.appex; sourceTree = BUILT_PRODUCTS_DIR; };
		7D41D61120A3210400FED6F0 /* NotificationService.swift */ = {isa = PBXFileReference; lastKnownFileType = sourcecode.swift; path = NotificationService.swift; sourceTree = "<group>"; };
		7D41D61320A3210400FED6F0 /* Info.plist */ = {isa = PBXFileReference; lastKnownFileType = text.plist.xml; path = Info.plist; sourceTree = "<group>"; };
		7D46C041209C7183001959EA /* TheCoffeeApp.entitlements */ = {isa = PBXFileReference; lastKnownFileType = text.plist.entitlements; path = TheCoffeeApp.entitlements; sourceTree = "<group>"; };
		7DC23BB620A45D1100D9A6CD /* NotificationViewController.appex */ = {isa = PBXFileReference; explicitFileType = "wrapper.app-extension"; includeInIndex = 0; path = NotificationViewController.appex; sourceTree = BUILT_PRODUCTS_DIR; };
		7DC23BB820A45D1100D9A6CD /* UserNotifications.framework */ = {isa = PBXFileReference; lastKnownFileType = wrapper.framework; name = UserNotifications.framework; path = System/Library/Frameworks/UserNotifications.framework; sourceTree = SDKROOT; };
		7DC23BBA20A45D1100D9A6CD /* UserNotificationsUI.framework */ = {isa = PBXFileReference; lastKnownFileType = wrapper.framework; name = UserNotificationsUI.framework; path = System/Library/Frameworks/UserNotificationsUI.framework; sourceTree = SDKROOT; };
		7DC23BBD20A45D1100D9A6CD /* NotificationViewController.swift */ = {isa = PBXFileReference; lastKnownFileType = sourcecode.swift; path = NotificationViewController.swift; sourceTree = "<group>"; };
		7DC23BC020A45D1100D9A6CD /* Base */ = {isa = PBXFileReference; lastKnownFileType = file.storyboard; name = Base; path = Base.lproj/MainInterface.storyboard; sourceTree = "<group>"; };
		7DC23BC220A45D1100D9A6CD /* Info.plist */ = {isa = PBXFileReference; lastKnownFileType = text.plist.xml; path = Info.plist; sourceTree = "<group>"; };
/* End PBXFileReference section */

/* Begin PBXFrameworksBuildPhase section */
		27DEDAE12084E643004E310C /* Frameworks */ = {
			isa = PBXFrameworksBuildPhase;
			buildActionMask = 2147483647;
			files = (
			);
			runOnlyForDeploymentPostprocessing = 0;
		};
		7D41D60C20A3210400FED6F0 /* Frameworks */ = {
			isa = PBXFrameworksBuildPhase;
			buildActionMask = 2147483647;
			files = (
			);
			runOnlyForDeploymentPostprocessing = 0;
		};
		7DC23BB320A45D1100D9A6CD /* Frameworks */ = {
			isa = PBXFrameworksBuildPhase;
			buildActionMask = 2147483647;
			files = (
				7DC23BBB20A45D1100D9A6CD /* UserNotificationsUI.framework in Frameworks */,
				7DC23BB920A45D1100D9A6CD /* UserNotifications.framework in Frameworks */,
			);
			runOnlyForDeploymentPostprocessing = 0;
		};
/* End PBXFrameworksBuildPhase section */

/* Begin PBXGroup section */
		2789C2ED20AC84B9006E5CC7 /* Notifications */ = {
			isa = PBXGroup;
			children = (
				279BC03C20A9E46300854A32 /* NotificationCenterManager.swift */,
				2789C2EB20AC7400006E5CC7 /* NotificationIdentifiers.swift */,
				2789C2F220AD70E8006E5CC7 /* NotificationTypes.swift */,
			);
			path = Notifications;
			sourceTree = "<group>";
		};
		2789C2EE20AC84FE006E5CC7 /* Tab Nearby Coffee Bars */ = {
			isa = PBXGroup;
			children = (
				27DEDAFD2085F276004E310C /* NearbyCoffeShopsTableViewController.swift */,
				27BAC0172086518F00962876 /* NearbyCoffeeShopTableViewCell.swift */,
				277545162099E3EB006BB45F /* CoffeBarDetailTableViewController.swift */,
			);
			path = "Tab Nearby Coffee Bars";
			sourceTree = "<group>";
		};
		2789C2EF20AC8515006E5CC7 /* Tab Coffee Tips */ = {
			isa = PBXGroup;
			children = (
				27D4FAC8208E37190077FAF6 /* CardView.swift */,
				27DEDAFF2085F286004E310C /* TipsAndTricksTableViewController.swift */,
				27D4FAC4208E1DDA0077FAF6 /* TextTipTableViewCell.swift */,
				27D4FAC6208E1E190077FAF6 /* ImageTipTableViewCell.swift */,
			);
			path = "Tab Coffee Tips";
			sourceTree = "<group>";
		};
		2789C2F020AC854D006E5CC7 /* Tab Coffe Deals */ = {
			isa = PBXGroup;
			children = (
				27DEDB012085F294004E310C /* CoffeeDealsTableViewController.swift */,
				277E2F1620970B010069AF7D /* CoffeeDealTableViewCell.swift */,
			);
			path = "Tab Coffe Deals";
			sourceTree = "<group>";
		};
		2789C2F120AC8569006E5CC7 /* Tab Coffee History */ = {
			isa = PBXGroup;
			children = (
				279BC04020A9E7FF00854A32 /* NewReminderViewController.swift */,
				27DEDB032085F2B7004E310C /* DrinkingHistoryTableViewController.swift */,
				27DEDB052085F2CD004E310C /* CoffeeRemindersTableViewController.swift */,
				27739F5920A1AD520054BDD4 /* DrinkHistoryTableViewCell.swift */,
			);
			path = "Tab Coffee History";
			sourceTree = "<group>";
		};
		279BC03920A9E41800854A32 /* Services */ = {
			isa = PBXGroup;
			children = (
				27B561B720874C7E005BED9D /* LocationServices.swift */,
				279BC03A20A9E44100854A32 /* EventManager.swift */,
			);
			path = Services;
			sourceTree = "<group>";
		};
		27DEDADB2084E642004E310C = {
			isa = PBXGroup;
			children = (
				27DEDAE62084E643004E310C /* TheCoffeeApp */,
				7D41D61020A3210400FED6F0 /* NotificationService */,
				7DC23BBC20A45D1100D9A6CD /* NotificationViewController */,
				7DC23BB720A45D1100D9A6CD /* Frameworks */,
				27DEDAE52084E643004E310C /* Products */,
			);
			sourceTree = "<group>";
		};
		27DEDAE52084E643004E310C /* Products */ = {
			isa = PBXGroup;
			children = (
				27DEDAE42084E643004E310C /* TheCoffeeApp.app */,
				7D41D60F20A3210400FED6F0 /* NotificationService.appex */,
				7DC23BB620A45D1100D9A6CD /* NotificationViewController.appex */,
			);
			name = Products;
			sourceTree = "<group>";
		};
		27DEDAE62084E643004E310C /* TheCoffeeApp */ = {
			isa = PBXGroup;
			children = (
				5C5B5F4320AEBF0E00EE5138 /* APIManager */,
				27DEDAE72084E643004E310C /* AppDelegate.swift */,
				27DEDAEB2084E643004E310C /* Main.storyboard */,
				2789C2ED20AC84B9006E5CC7 /* Notifications */,
				279BC03920A9E41800854A32 /* Services */,
				2789C2F120AC8569006E5CC7 /* Tab Coffee History */,
				2789C2F020AC854D006E5CC7 /* Tab Coffe Deals */,
				2789C2EF20AC8515006E5CC7 /* Tab Coffee Tips */,
				2789C2EE20AC84FE006E5CC7 /* Tab Nearby Coffee Bars */,
				7D46C041209C7183001959EA /* TheCoffeeApp.entitlements */,
				27DEDB092085F6F8004E310C /* Model */,
				27DEDAEE2084E643004E310C /* Assets.xcassets */,
				27DEDAFA2084E6F0004E310C /* Supporting Files */,
			);
			path = TheCoffeeApp;
			sourceTree = "<group>";
		};
		27DEDAFA2084E6F0004E310C /* Supporting Files */ = {
			isa = PBXGroup;
			children = (
				27D07D2020A1B5FA00C23336 /* ColorPalette.swift */,
				27DEDAF02084E643004E310C /* LaunchScreen.storyboard */,
				27DEDAF32084E643004E310C /* Info.plist */,
			);
			name = "Supporting Files";
			sourceTree = "<group>";
		};
		27DEDB092085F6F8004E310C /* Model */ = {
			isa = PBXGroup;
			children = (
				27DEDB0A2085F718004E310C /* Coffee.swift */,
				27DEDB0C2085F720004E310C /* CoffeeShop.swift */,
				27DEDB0E2085F727004E310C /* Tip.swift */,
				27DEDB102085F73F004E310C /* Deal.swift */,
				27DEDB122085F746004E310C /* DrinkRecord.swift */,
			);
			path = Model;
			sourceTree = "<group>";
		};
		5C5B5F4320AEBF0E00EE5138 /* APIManager */ = {
			isa = PBXGroup;
			children = (
				5C5B5F4620AEC05A00EE5138 /* NotificationDatabase.swift */,
				5C5B5F4420AEBF5D00EE5138 /* APIManager.swift */,
			);
			path = APIManager;
			sourceTree = "<group>";
		};
		7D41D61020A3210400FED6F0 /* NotificationService */ = {
			isa = PBXGroup;
			children = (
				7D41D61120A3210400FED6F0 /* NotificationService.swift */,
				7D41D61320A3210400FED6F0 /* Info.plist */,
			);
			path = NotificationService;
			sourceTree = "<group>";
		};
		7DC23BB720A45D1100D9A6CD /* Frameworks */ = {
			isa = PBXGroup;
			children = (
				7DC23BB820A45D1100D9A6CD /* UserNotifications.framework */,
				7DC23BBA20A45D1100D9A6CD /* UserNotificationsUI.framework */,
			);
			name = Frameworks;
			sourceTree = "<group>";
		};
		7DC23BBC20A45D1100D9A6CD /* NotificationViewController */ = {
			isa = PBXGroup;
			children = (
				7DC23BBD20A45D1100D9A6CD /* NotificationViewController.swift */,
				7DC23BBF20A45D1100D9A6CD /* MainInterface.storyboard */,
				7DC23BC220A45D1100D9A6CD /* Info.plist */,
			);
			path = NotificationViewController;
			sourceTree = "<group>";
		};
/* End PBXGroup section */

/* Begin PBXNativeTarget section */
		27DEDAE32084E643004E310C /* TheCoffeeApp */ = {
			isa = PBXNativeTarget;
			buildConfigurationList = 27DEDAF62084E643004E310C /* Build configuration list for PBXNativeTarget "TheCoffeeApp" */;
			buildPhases = (
				27DEDAE02084E643004E310C /* Sources */,
				27DEDAE12084E643004E310C /* Frameworks */,
				27DEDAE22084E643004E310C /* Resources */,
				7D41D61A20A3210400FED6F0 /* Embed App Extensions */,
			);
			buildRules = (
			);
			dependencies = (
				7D41D61520A3210400FED6F0 /* PBXTargetDependency */,
				7DC23BC420A45D1100D9A6CD /* PBXTargetDependency */,
			);
			name = TheCoffeeApp;
			productName = TheCoffeeApp;
			productReference = 27DEDAE42084E643004E310C /* TheCoffeeApp.app */;
			productType = "com.apple.product-type.application";
		};
		7D41D60E20A3210400FED6F0 /* NotificationService */ = {
			isa = PBXNativeTarget;
			buildConfigurationList = 7D41D61920A3210400FED6F0 /* Build configuration list for PBXNativeTarget "NotificationService" */;
			buildPhases = (
				7D41D60B20A3210400FED6F0 /* Sources */,
				7D41D60C20A3210400FED6F0 /* Frameworks */,
				7D41D60D20A3210400FED6F0 /* Resources */,
			);
			buildRules = (
			);
			dependencies = (
			);
			name = NotificationService;
			productName = NotificationService;
			productReference = 7D41D60F20A3210400FED6F0 /* NotificationService.appex */;
			productType = "com.apple.product-type.app-extension";
		};
		7DC23BB520A45D1100D9A6CD /* NotificationViewController */ = {
			isa = PBXNativeTarget;
			buildConfigurationList = 7DC23BC820A45D1100D9A6CD /* Build configuration list for PBXNativeTarget "NotificationViewController" */;
			buildPhases = (
				7DC23BB220A45D1100D9A6CD /* Sources */,
				7DC23BB320A45D1100D9A6CD /* Frameworks */,
				7DC23BB420A45D1100D9A6CD /* Resources */,
			);
			buildRules = (
			);
			dependencies = (
			);
			name = NotificationViewController;
			productName = NotificationViewController;
			productReference = 7DC23BB620A45D1100D9A6CD /* NotificationViewController.appex */;
			productType = "com.apple.product-type.app-extension";
		};
/* End PBXNativeTarget section */

/* Begin PBXProject section */
		27DEDADC2084E642004E310C /* Project object */ = {
			isa = PBXProject;
			attributes = {
				LastSwiftUpdateCheck = 0930;
				LastUpgradeCheck = 0930;
				ORGANIZATIONNAME = "Apple Developer Academy";
				TargetAttributes = {
					27DEDAE32084E643004E310C = {
						CreatedOnToolsVersion = 9.2;
						ProvisioningStyle = Automatic;
						SystemCapabilities = {
							com.apple.BackgroundModes = {
								enabled = 1;
							};
							com.apple.Push = {
								enabled = 1;
							};
							com.apple.iCloud = {
								enabled = 0;
							};
						};
					};
					7D41D60E20A3210400FED6F0 = {
						CreatedOnToolsVersion = 9.3;
						ProvisioningStyle = Automatic;
					};
					7DC23BB520A45D1100D9A6CD = {
						CreatedOnToolsVersion = 9.3;
						ProvisioningStyle = Automatic;
					};
				};
			};
			buildConfigurationList = 27DEDADF2084E642004E310C /* Build configuration list for PBXProject "TheCoffeeApp" */;
			compatibilityVersion = "Xcode 8.0";
			developmentRegion = en;
			hasScannedForEncodings = 0;
			knownRegions = (
				en,
				Base,
			);
			mainGroup = 27DEDADB2084E642004E310C;
			productRefGroup = 27DEDAE52084E643004E310C /* Products */;
			projectDirPath = "";
			projectRoot = "";
			targets = (
				27DEDAE32084E643004E310C /* TheCoffeeApp */,
				7D41D60E20A3210400FED6F0 /* NotificationService */,
				7DC23BB520A45D1100D9A6CD /* NotificationViewController */,
			);
		};
/* End PBXProject section */

/* Begin PBXResourcesBuildPhase section */
		27DEDAE22084E643004E310C /* Resources */ = {
			isa = PBXResourcesBuildPhase;
			buildActionMask = 2147483647;
			files = (
				27DEDAF22084E643004E310C /* LaunchScreen.storyboard in Resources */,
				27DEDAEF2084E643004E310C /* Assets.xcassets in Resources */,
				27DEDAED2084E643004E310C /* Main.storyboard in Resources */,
			);
			runOnlyForDeploymentPostprocessing = 0;
		};
		7D41D60D20A3210400FED6F0 /* Resources */ = {
			isa = PBXResourcesBuildPhase;
			buildActionMask = 2147483647;
			files = (
			);
			runOnlyForDeploymentPostprocessing = 0;
		};
		7DC23BB420A45D1100D9A6CD /* Resources */ = {
			isa = PBXResourcesBuildPhase;
			buildActionMask = 2147483647;
			files = (
				7DC23BC120A45D1100D9A6CD /* MainInterface.storyboard in Resources */,
			);
			runOnlyForDeploymentPostprocessing = 0;
		};
/* End PBXResourcesBuildPhase section */

/* Begin PBXSourcesBuildPhase section */
		27DEDAE02084E643004E310C /* Sources */ = {
			isa = PBXSourcesBuildPhase;
			buildActionMask = 2147483647;
			files = (
				5C5B5F4520AEBF5D00EE5138 /* APIManager.swift in Sources */,
				27BAC0182086518F00962876 /* NearbyCoffeeShopTableViewCell.swift in Sources */,
				27DEDB0D2085F720004E310C /* CoffeeShop.swift in Sources */,
				27DEDB042085F2B7004E310C /* DrinkingHistoryTableViewController.swift in Sources */,
				27D4FAC7208E1E190077FAF6 /* ImageTipTableViewCell.swift in Sources */,
				27DEDB112085F73F004E310C /* Deal.swift in Sources */,
				27DEDB132085F746004E310C /* DrinkRecord.swift in Sources */,
				277E2F1720970B010069AF7D /* CoffeeDealTableViewCell.swift in Sources */,
				2789C2EC20AC7400006E5CC7 /* NotificationIdentifiers.swift in Sources */,
				27D07D2120A1B5FA00C23336 /* ColorPalette.swift in Sources */,
				27DEDAE82084E643004E310C /* AppDelegate.swift in Sources */,
				279BC03B20A9E44100854A32 /* EventManager.swift in Sources */,
				27D4FAC5208E1DDA0077FAF6 /* TextTipTableViewCell.swift in Sources */,
				27DEDAFE2085F276004E310C /* NearbyCoffeShopsTableViewController.swift in Sources */,
				5C5B5F4720AEC05A00EE5138 /* NotificationDatabase.swift in Sources */,
				27DEDB022085F294004E310C /* CoffeeDealsTableViewController.swift in Sources */,
				279BC03D20A9E46300854A32 /* NotificationCenterManager.swift in Sources */,
				27DEDB002085F286004E310C /* TipsAndTricksTableViewController.swift in Sources */,
				27DEDB0F2085F727004E310C /* Tip.swift in Sources */,
				27DEDB062085F2CD004E310C /* CoffeeRemindersTableViewController.swift in Sources */,
				279BC04120A9E7FF00854A32 /* NewReminderViewController.swift in Sources */,
				277545172099E3EB006BB45F /* CoffeBarDetailTableViewController.swift in Sources */,
				27B561B820874C7E005BED9D /* LocationServices.swift in Sources */,
				27D4FAC9208E37190077FAF6 /* CardView.swift in Sources */,
				27DEDB0B2085F718004E310C /* Coffee.swift in Sources */,
				2789C2F320AD70E8006E5CC7 /* NotificationTypes.swift in Sources */,
				27739F5A20A1AD520054BDD4 /* DrinkHistoryTableViewCell.swift in Sources */,
			);
			runOnlyForDeploymentPostprocessing = 0;
		};
		7D41D60B20A3210400FED6F0 /* Sources */ = {
			isa = PBXSourcesBuildPhase;
			buildActionMask = 2147483647;
			files = (
				7D41D61220A3210400FED6F0 /* NotificationService.swift in Sources */,
			);
			runOnlyForDeploymentPostprocessing = 0;
		};
		7DC23BB220A45D1100D9A6CD /* Sources */ = {
			isa = PBXSourcesBuildPhase;
			buildActionMask = 2147483647;
			files = (
				7DC23BBE20A45D1100D9A6CD /* NotificationViewController.swift in Sources */,
			);
			runOnlyForDeploymentPostprocessing = 0;
		};
/* End PBXSourcesBuildPhase section */

/* Begin PBXTargetDependency section */
		7D41D61520A3210400FED6F0 /* PBXTargetDependency */ = {
			isa = PBXTargetDependency;
			target = 7D41D60E20A3210400FED6F0 /* NotificationService */;
			targetProxy = 7D41D61420A3210400FED6F0 /* PBXContainerItemProxy */;
		};
		7DC23BC420A45D1100D9A6CD /* PBXTargetDependency */ = {
			isa = PBXTargetDependency;
			target = 7DC23BB520A45D1100D9A6CD /* NotificationViewController */;
			targetProxy = 7DC23BC320A45D1100D9A6CD /* PBXContainerItemProxy */;
		};
/* End PBXTargetDependency section */

/* Begin PBXVariantGroup section */
		27DEDAEB2084E643004E310C /* Main.storyboard */ = {
			isa = PBXVariantGroup;
			children = (
				27DEDAEC2084E643004E310C /* Base */,
			);
			name = Main.storyboard;
			sourceTree = "<group>";
		};
		27DEDAF02084E643004E310C /* LaunchScreen.storyboard */ = {
			isa = PBXVariantGroup;
			children = (
				27DEDAF12084E643004E310C /* Base */,
			);
			name = LaunchScreen.storyboard;
			sourceTree = "<group>";
		};
		7DC23BBF20A45D1100D9A6CD /* MainInterface.storyboard */ = {
			isa = PBXVariantGroup;
			children = (
				7DC23BC020A45D1100D9A6CD /* Base */,
			);
			name = MainInterface.storyboard;
			sourceTree = "<group>";
		};
/* End PBXVariantGroup section */

/* Begin XCBuildConfiguration section */
		27DEDAF42084E643004E310C /* Debug */ = {
			isa = XCBuildConfiguration;
			buildSettings = {
				ALWAYS_SEARCH_USER_PATHS = NO;
				CLANG_ANALYZER_NONNULL = YES;
				CLANG_ANALYZER_NUMBER_OBJECT_CONVERSION = YES_AGGRESSIVE;
				CLANG_CXX_LANGUAGE_STANDARD = "gnu++14";
				CLANG_CXX_LIBRARY = "libc++";
				CLANG_ENABLE_MODULES = YES;
				CLANG_ENABLE_OBJC_ARC = YES;
				CLANG_WARN_BLOCK_CAPTURE_AUTORELEASING = YES;
				CLANG_WARN_BOOL_CONVERSION = YES;
				CLANG_WARN_COMMA = YES;
				CLANG_WARN_CONSTANT_CONVERSION = YES;
				CLANG_WARN_DEPRECATED_OBJC_IMPLEMENTATIONS = YES;
				CLANG_WARN_DIRECT_OBJC_ISA_USAGE = YES_ERROR;
				CLANG_WARN_DOCUMENTATION_COMMENTS = YES;
				CLANG_WARN_EMPTY_BODY = YES;
				CLANG_WARN_ENUM_CONVERSION = YES;
				CLANG_WARN_INFINITE_RECURSION = YES;
				CLANG_WARN_INT_CONVERSION = YES;
				CLANG_WARN_NON_LITERAL_NULL_CONVERSION = YES;
				CLANG_WARN_OBJC_IMPLICIT_RETAIN_SELF = YES;
				CLANG_WARN_OBJC_LITERAL_CONVERSION = YES;
				CLANG_WARN_OBJC_ROOT_CLASS = YES_ERROR;
				CLANG_WARN_RANGE_LOOP_ANALYSIS = YES;
				CLANG_WARN_STRICT_PROTOTYPES = YES;
				CLANG_WARN_SUSPICIOUS_MOVE = YES;
				CLANG_WARN_UNGUARDED_AVAILABILITY = YES_AGGRESSIVE;
				CLANG_WARN_UNREACHABLE_CODE = YES;
				CLANG_WARN__DUPLICATE_METHOD_MATCH = YES;
				CODE_SIGN_IDENTITY = "iPhone Developer";
				COPY_PHASE_STRIP = NO;
				DEBUG_INFORMATION_FORMAT = dwarf;
				ENABLE_STRICT_OBJC_MSGSEND = YES;
				ENABLE_TESTABILITY = YES;
				GCC_C_LANGUAGE_STANDARD = gnu11;
				GCC_DYNAMIC_NO_PIC = NO;
				GCC_NO_COMMON_BLOCKS = YES;
				GCC_OPTIMIZATION_LEVEL = 0;
				GCC_PREPROCESSOR_DEFINITIONS = (
					"DEBUG=1",
					"$(inherited)",
				);
				GCC_WARN_64_TO_32_BIT_CONVERSION = YES;
				GCC_WARN_ABOUT_RETURN_TYPE = YES_ERROR;
				GCC_WARN_UNDECLARED_SELECTOR = YES;
				GCC_WARN_UNINITIALIZED_AUTOS = YES_AGGRESSIVE;
				GCC_WARN_UNUSED_FUNCTION = YES;
				GCC_WARN_UNUSED_VARIABLE = YES;
				IPHONEOS_DEPLOYMENT_TARGET = 11.2;
				MTL_ENABLE_DEBUG_INFO = YES;
				ONLY_ACTIVE_ARCH = YES;
				SDKROOT = iphoneos;
				SWIFT_ACTIVE_COMPILATION_CONDITIONS = DEBUG;
				SWIFT_OPTIMIZATION_LEVEL = "-Onone";
			};
			name = Debug;
		};
		27DEDAF52084E643004E310C /* Release */ = {
			isa = XCBuildConfiguration;
			buildSettings = {
				ALWAYS_SEARCH_USER_PATHS = NO;
				CLANG_ANALYZER_NONNULL = YES;
				CLANG_ANALYZER_NUMBER_OBJECT_CONVERSION = YES_AGGRESSIVE;
				CLANG_CXX_LANGUAGE_STANDARD = "gnu++14";
				CLANG_CXX_LIBRARY = "libc++";
				CLANG_ENABLE_MODULES = YES;
				CLANG_ENABLE_OBJC_ARC = YES;
				CLANG_WARN_BLOCK_CAPTURE_AUTORELEASING = YES;
				CLANG_WARN_BOOL_CONVERSION = YES;
				CLANG_WARN_COMMA = YES;
				CLANG_WARN_CONSTANT_CONVERSION = YES;
				CLANG_WARN_DEPRECATED_OBJC_IMPLEMENTATIONS = YES;
				CLANG_WARN_DIRECT_OBJC_ISA_USAGE = YES_ERROR;
				CLANG_WARN_DOCUMENTATION_COMMENTS = YES;
				CLANG_WARN_EMPTY_BODY = YES;
				CLANG_WARN_ENUM_CONVERSION = YES;
				CLANG_WARN_INFINITE_RECURSION = YES;
				CLANG_WARN_INT_CONVERSION = YES;
				CLANG_WARN_NON_LITERAL_NULL_CONVERSION = YES;
				CLANG_WARN_OBJC_IMPLICIT_RETAIN_SELF = YES;
				CLANG_WARN_OBJC_LITERAL_CONVERSION = YES;
				CLANG_WARN_OBJC_ROOT_CLASS = YES_ERROR;
				CLANG_WARN_RANGE_LOOP_ANALYSIS = YES;
				CLANG_WARN_STRICT_PROTOTYPES = YES;
				CLANG_WARN_SUSPICIOUS_MOVE = YES;
				CLANG_WARN_UNGUARDED_AVAILABILITY = YES_AGGRESSIVE;
				CLANG_WARN_UNREACHABLE_CODE = YES;
				CLANG_WARN__DUPLICATE_METHOD_MATCH = YES;
				CODE_SIGN_IDENTITY = "iPhone Developer";
				COPY_PHASE_STRIP = NO;
				DEBUG_INFORMATION_FORMAT = "dwarf-with-dsym";
				ENABLE_NS_ASSERTIONS = NO;
				ENABLE_STRICT_OBJC_MSGSEND = YES;
				GCC_C_LANGUAGE_STANDARD = gnu11;
				GCC_NO_COMMON_BLOCKS = YES;
				GCC_WARN_64_TO_32_BIT_CONVERSION = YES;
				GCC_WARN_ABOUT_RETURN_TYPE = YES_ERROR;
				GCC_WARN_UNDECLARED_SELECTOR = YES;
				GCC_WARN_UNINITIALIZED_AUTOS = YES_AGGRESSIVE;
				GCC_WARN_UNUSED_FUNCTION = YES;
				GCC_WARN_UNUSED_VARIABLE = YES;
				IPHONEOS_DEPLOYMENT_TARGET = 11.2;
				MTL_ENABLE_DEBUG_INFO = NO;
				SDKROOT = iphoneos;
				SWIFT_OPTIMIZATION_LEVEL = "-Owholemodule";
				VALIDATE_PRODUCT = YES;
			};
			name = Release;
		};
		27DEDAF72084E643004E310C /* Debug */ = {
			isa = XCBuildConfiguration;
			buildSettings = {
				ALWAYS_EMBED_SWIFT_STANDARD_LIBRARIES = YES;
				ASSETCATALOG_COMPILER_APPICON_NAME = AppIcon;
				CODE_SIGN_ENTITLEMENTS = TheCoffeeApp/TheCoffeeApp.entitlements;
				CODE_SIGN_STYLE = Automatic;
				DEVELOPMENT_TEAM = H9XRGWLY3K;
				INFOPLIST_FILE = TheCoffeeApp/Info.plist;
				IPHONEOS_DEPLOYMENT_TARGET = 11.3;
				LD_RUNPATH_SEARCH_PATHS = "$(inherited) @executable_path/Frameworks";
				PRODUCT_BUNDLE_IDENTIFIER = it.iosda2018.TheCoffeeApp;
				PRODUCT_NAME = "$(TARGET_NAME)";
				SWIFT_VERSION = 4.0;
				TARGETED_DEVICE_FAMILY = "1,2";
			};
			name = Debug;
		};
		27DEDAF82084E643004E310C /* Release */ = {
			isa = XCBuildConfiguration;
			buildSettings = {
				ALWAYS_EMBED_SWIFT_STANDARD_LIBRARIES = YES;
				ASSETCATALOG_COMPILER_APPICON_NAME = AppIcon;
				CODE_SIGN_ENTITLEMENTS = TheCoffeeApp/TheCoffeeApp.entitlements;
				CODE_SIGN_STYLE = Automatic;
				DEVELOPMENT_TEAM = H9XRGWLY3K;
				INFOPLIST_FILE = TheCoffeeApp/Info.plist;
				IPHONEOS_DEPLOYMENT_TARGET = 11.3;
				LD_RUNPATH_SEARCH_PATHS = "$(inherited) @executable_path/Frameworks";
				PRODUCT_BUNDLE_IDENTIFIER = it.iosda2018.TheCoffeeApp;
				PRODUCT_NAME = "$(TARGET_NAME)";
				SWIFT_VERSION = 4.0;
				TARGETED_DEVICE_FAMILY = "1,2";
			};
			name = Release;
		};
		7D41D61720A3210400FED6F0 /* Debug */ = {
			isa = XCBuildConfiguration;
			buildSettings = {
				CLANG_ENABLE_OBJC_WEAK = YES;
				CODE_SIGN_STYLE = Automatic;
				DEVELOPMENT_TEAM = H9XRGWLY3K;
				INFOPLIST_FILE = NotificationService/Info.plist;
				IPHONEOS_DEPLOYMENT_TARGET = 11.3;
				LD_RUNPATH_SEARCH_PATHS = "$(inherited) @executable_path/Frameworks @executable_path/../../Frameworks";
				PRODUCT_BUNDLE_IDENTIFIER = it.iosda2018.TheCoffeeApp.NotificationService;
				PRODUCT_NAME = "$(TARGET_NAME)";
				SKIP_INSTALL = YES;
				SWIFT_VERSION = 4.0;
				TARGETED_DEVICE_FAMILY = "1,2";
			};
			name = Debug;
		};
		7D41D61820A3210400FED6F0 /* Release */ = {
			isa = XCBuildConfiguration;
			buildSettings = {
				CLANG_ENABLE_OBJC_WEAK = YES;
				CODE_SIGN_STYLE = Automatic;
				DEVELOPMENT_TEAM = H9XRGWLY3K;
				INFOPLIST_FILE = NotificationService/Info.plist;
				IPHONEOS_DEPLOYMENT_TARGET = 11.3;
				LD_RUNPATH_SEARCH_PATHS = "$(inherited) @executable_path/Frameworks @executable_path/../../Frameworks";
				PRODUCT_BUNDLE_IDENTIFIER = it.iosda2018.TheCoffeeApp.NotificationService;
				PRODUCT_NAME = "$(TARGET_NAME)";
				SKIP_INSTALL = YES;
				SWIFT_VERSION = 4.0;
				TARGETED_DEVICE_FAMILY = "1,2";
			};
			name = Release;
		};
		7DC23BC620A45D1100D9A6CD /* Debug */ = {
			isa = XCBuildConfiguration;
			buildSettings = {
				CLANG_ENABLE_OBJC_WEAK = YES;
				CODE_SIGN_STYLE = Automatic;
				DEVELOPMENT_TEAM = H9XRGWLY3K;
				INFOPLIST_FILE = NotificationViewController/Info.plist;
				IPHONEOS_DEPLOYMENT_TARGET = 11.3;
				LD_RUNPATH_SEARCH_PATHS = "$(inherited) @executable_path/Frameworks @executable_path/../../Frameworks";
				PRODUCT_BUNDLE_IDENTIFIER = it.iosda2018.TheCoffeeApp.NotificationViewController;
				PRODUCT_NAME = "$(TARGET_NAME)";
				SKIP_INSTALL = YES;
				SWIFT_VERSION = 4.0;
				TARGETED_DEVICE_FAMILY = "1,2";
			};
			name = Debug;
		};
		7DC23BC720A45D1100D9A6CD /* Release */ = {
			isa = XCBuildConfiguration;
			buildSettings = {
				CLANG_ENABLE_OBJC_WEAK = YES;
				CODE_SIGN_STYLE = Automatic;
				DEVELOPMENT_TEAM = H9XRGWLY3K;
				INFOPLIST_FILE = NotificationViewController/Info.plist;
				IPHONEOS_DEPLOYMENT_TARGET = 11.3;
				LD_RUNPATH_SEARCH_PATHS = "$(inherited) @executable_path/Frameworks @executable_path/../../Frameworks";
				PRODUCT_BUNDLE_IDENTIFIER = it.iosda2018.TheCoffeeApp.NotificationViewController;
				PRODUCT_NAME = "$(TARGET_NAME)";
				SKIP_INSTALL = YES;
				SWIFT_VERSION = 4.0;
				TARGETED_DEVICE_FAMILY = "1,2";
			};
			name = Release;
		};
/* End XCBuildConfiguration section */

/* Begin XCConfigurationList section */
		27DEDADF2084E642004E310C /* Build configuration list for PBXProject "TheCoffeeApp" */ = {
			isa = XCConfigurationList;
			buildConfigurations = (
				27DEDAF42084E643004E310C /* Debug */,
				27DEDAF52084E643004E310C /* Release */,
			);
			defaultConfigurationIsVisible = 0;
			defaultConfigurationName = Release;
		};
		27DEDAF62084E643004E310C /* Build configuration list for PBXNativeTarget "TheCoffeeApp" */ = {
			isa = XCConfigurationList;
			buildConfigurations = (
				27DEDAF72084E643004E310C /* Debug */,
				27DEDAF82084E643004E310C /* Release */,
			);
			defaultConfigurationIsVisible = 0;
			defaultConfigurationName = Release;
		};
		7D41D61920A3210400FED6F0 /* Build configuration list for PBXNativeTarget "NotificationService" */ = {
			isa = XCConfigurationList;
			buildConfigurations = (
				7D41D61720A3210400FED6F0 /* Debug */,
				7D41D61820A3210400FED6F0 /* Release */,
			);
			defaultConfigurationIsVisible = 0;
			defaultConfigurationName = Release;
		};
		7DC23BC820A45D1100D9A6CD /* Build configuration list for PBXNativeTarget "NotificationViewController" */ = {
			isa = XCConfigurationList;
			buildConfigurations = (
				7DC23BC620A45D1100D9A6CD /* Debug */,
				7DC23BC720A45D1100D9A6CD /* Release */,
			);
			defaultConfigurationIsVisible = 0;
			defaultConfigurationName = Release;
		};
/* End XCConfigurationList section */
	};
	rootObject = 27DEDADC2084E642004E310C /* Project object */;
}
